
Microsoft Visual Studio Solution File, Format Version 12.00
# Visual Studio Version 17
VisualStudioVersion = 17.14.36518.9 d17.14
MinimumVisualStudioVersion = 10.0.40219.1
Project("{FAE04EC0-301F-11D3-BF4B-00C04F79EFBC}") = "PostmanCloneLibrary", "PostmanCloneLibrary\PostmanCloneLibrary.csproj", "{72093765-C525-4930-B081-65F15C7ADA52}"
EndProject
Project("{FAE04EC0-301F-11D3-BF4B-00C04F79EFBC}") = "PostmanCloneUI", "PostmanCloneUI\PostmanCloneUI.csproj", "{581F5F1C-5128-4378-95A7-9F736F0BFE3D}"
EndProject
Global
	GlobalSection(SolutionConfigurationPlatforms) = preSolution
		Debug|Any CPU = Debug|Any CPU
		Release|Any CPU = Release|Any CPU
	EndGlobalSection
	GlobalSection(ProjectConfigurationPlatforms) = postSolution
		{72093765-C525-4930-B081-65F15C7ADA52}.Debug|Any CPU.ActiveCfg = Debug|Any CPU
		{72093765-C525-4930-B081-65F15C7ADA52}.Debug|Any CPU.Build.0 = Debug|Any CPU
		{72093765-C525-4930-B081-65F15C7ADA52}.Release|Any CPU.ActiveCfg = Release|Any CPU
		{72093765-C525-4930-B081-65F15C7ADA52}.Release|Any CPU.Build.0 = Release|Any CPU
		{581F5F1C-5128-4378-95A7-9F736F0BFE3D}.Debug|Any CPU.ActiveCfg = Debug|Any CPU
		{581F5F1C-5128-4378-95A7-9F736F0BFE3D}.Debug|Any CPU.Build.0 = Debug|Any CPU
		{581F5F1C-5128-4378-95A7-9F736F0BFE3D}.Release|Any CPU.ActiveCfg = Release|Any CPU
		{581F5F1C-5128-4378-95A7-9F736F0BFE3D}.Release|Any CPU.Build.0 = Release|Any CPU
	EndGlobalSection
	GlobalSection(SolutionProperties) = preSolution
		HideSolutionNode = FALSE
	EndGlobalSection
	GlobalSection(ExtensibilityGlobals) = postSolution
		SolutionGuid = {014938C6-64D0-41AA-AA2F-50D237CAD3DD}
	EndGlobalSection
EndGlobal
